
Microsoft Visual Studio Solution File, Format Version 12.00
# Visual Studio Version 17
VisualStudioVersion = 17.0.31919.166
MinimumVisualStudioVersion = 10.0.40219.1
Project("{FAE04EC0-301F-11D3-BF4B-00C04F79EFBC}") = "WinSpeak", "WinSpeak\WinSpeak.csproj", "{6A9E6D74-7917-4385-9845-56E90E60FA90}"
EndProject
Global
	GlobalSection(SolutionConfigurationPlatforms) = preSolution
		Debug|Any CPU = Debug|Any CPU
		Release|Any CPU = Release|Any CPU
	EndGlobalSection
	GlobalSection(ProjectConfigurationPlatforms) = postSolution
		{6A9E6D74-7917-4385-9845-56E90E60FA90}.Debug|Any CPU.ActiveCfg = Debug|Any CPU
		{6A9E6D74-7917-4385-9845-56E90E60FA90}.Debug|Any CPU.Build.0 = Debug|Any CPU
		{6A9E6D74-7917-4385-9845-56E90E60FA90}.Release|Any CPU.ActiveCfg = Release|Any CPU
		{6A9E6D74-7917-4385-9845-56E90E60FA90}.Release|Any CPU.Build.0 = Release|Any CPU
	EndGlobalSection
	GlobalSection(SolutionProperties) = preSolution
		HideSolutionNode = FALSE
	EndGlobalSection
	GlobalSection(ExtensibilityGlobals) = postSolution
		SolutionGuid = {8A13ED06-20A4-4915-9E4D-8F6572B8416A}
	EndGlobalSection
EndGlobal
